
Microsoft Visual Studio Solution File, Format Version 12.00
# Visual Studio Version 16
VisualStudioVersion = 16.0.31112.23
MinimumVisualStudioVersion = 10.0.40219.1
Project("{FAE04EC0-301F-11D3-BF4B-00C04F79EFBC}") = "git-lab-grid-systems", "git-lab-grid-systems.csproj", "{76E05292-AE87-468E-834E-4CC564EF7BBE}"
EndProject
Global
	GlobalSection(SolutionConfigurationPlatforms) = preSolution
		Debug|Any CPU = Debug|Any CPU
		Release|Any CPU = Release|Any CPU
	EndGlobalSection
	GlobalSection(ProjectConfigurationPlatforms) = postSolution
		{76E05292-AE87-468E-834E-4CC564EF7BBE}.Debug|Any CPU.ActiveCfg = Debug|Any CPU
		{76E05292-AE87-468E-834E-4CC564EF7BBE}.Debug|Any CPU.Build.0 = Debug|Any CPU
		{76E05292-AE87-468E-834E-4CC564EF7BBE}.Release|Any CPU.ActiveCfg = Release|Any CPU
		{76E05292-AE87-468E-834E-4CC564EF7BBE}.Release|Any CPU.Build.0 = Release|Any CPU
	EndGlobalSection
	GlobalSection(SolutionProperties) = preSolution
		HideSolutionNode = FALSE
	EndGlobalSection
	GlobalSection(ExtensibilityGlobals) = postSolution
		SolutionGuid = {C3C8AFB3-743B-45E5-9670-BFEAE8C62C8C}
	EndGlobalSection
EndGlobal
